// !$*UTF8*$!
{
	archiveVersion = 1;
	classes = {
	};
	objectVersion = 46;
	objects = {

/* Begin PBXBuildFile section */
		A9FFB6951F3B84A1001CB3D8 /* AppDelegate.swift in Sources */ = {isa = PBXBuildFile; fileRef = A9FFB6941F3B84A1001CB3D8 /* AppDelegate.swift */; };
		A9FFB6971F3B84A1001CB3D8 /* ViewController.swift in Sources */ = {isa = PBXBuildFile; fileRef = A9FFB6961F3B84A1001CB3D8 /* ViewController.swift */; };
		A9FFB69A1F3B84A1001CB3D8 /* Main.storyboard in Resources */ = {isa = PBXBuildFile; fileRef = A9FFB6981F3B84A1001CB3D8 /* Main.storyboard */; };
		A9FFB69C1F3B84A1001CB3D8 /* Assets.xcassets in Resources */ = {isa = PBXBuildFile; fileRef = A9FFB69B1F3B84A1001CB3D8 /* Assets.xcassets */; };
		A9FFB69F1F3B84A1001CB3D8 /* LaunchScreen.storyboard in Resources */ = {isa = PBXBuildFile; fileRef = A9FFB69D1F3B84A1001CB3D8 /* LaunchScreen.storyboard */; };
		A9FFB6A71F3B8DFB001CB3D8 /* HeaderTableViewCell.swift in Sources */ = {isa = PBXBuildFile; fileRef = A9FFB6A61F3B8DFB001CB3D8 /* HeaderTableViewCell.swift */; };
		A9FFB6A91F3B8E07001CB3D8 /* ItemTableViewCell.swift in Sources */ = {isa = PBXBuildFile; fileRef = A9FFB6A81F3B8E07001CB3D8 /* ItemTableViewCell.swift */; };
		A9FFB6AB1F3BA316001CB3D8 /* FooterTableViewCell.swift in Sources */ = {isa = PBXBuildFile; fileRef = A9FFB6AA1F3BA316001CB3D8 /* FooterTableViewCell.swift */; };
		A9FFB6AD1F3BA3A9001CB3D8 /* TitleTableViewCell.swift in Sources */ = {isa = PBXBuildFile; fileRef = A9FFB6AC1F3BA3A9001CB3D8 /* TitleTableViewCell.swift */; };
/* End PBXBuildFile section */

/* Begin PBXFileReference section */
		A9FFB6911F3B84A1001CB3D8 /* DemoExpandTableView.app */ = {isa = PBXFileReference; explicitFileType = wrapper.application; includeInIndex = 0; path = DemoExpandTableView.app; sourceTree = BUILT_PRODUCTS_DIR; };
		A9FFB6941F3B84A1001CB3D8 /* AppDelegate.swift */ = {isa = PBXFileReference; lastKnownFileType = sourcecode.swift; path = AppDelegate.swift; sourceTree = "<group>"; };
		A9FFB6961F3B84A1001CB3D8 /* ViewController.swift */ = {isa = PBXFileReference; lastKnownFileType = sourcecode.swift; path = ViewController.swift; sourceTree = "<group>"; };
		A9FFB6991F3B84A1001CB3D8 /* Base */ = {isa = PBXFileReference; lastKnownFileType = file.storyboard; name = Base; path = Base.lproj/Main.storyboard; sourceTree = "<group>"; };
		A9FFB69B1F3B84A1001CB3D8 /* Assets.xcassets */ = {isa = PBXFileReference; lastKnownFileType = folder.assetcatalog; path = Assets.xcassets; sourceTree = "<group>"; };
		A9FFB69E1F3B84A1001CB3D8 /* Base */ = {isa = PBXFileReference; lastKnownFileType = file.storyboard; name = Base; path = Base.lproj/LaunchScreen.storyboard; sourceTree = "<group>"; };
		A9FFB6A01F3B84A1001CB3D8 /* Info.plist */ = {isa = PBXFileReference; lastKnownFileType = text.plist.xml; path = Info.plist; sourceTree = "<group>"; };
		A9FFB6A61F3B8DFB001CB3D8 /* HeaderTableViewCell.swift */ = {isa = PBXFileReference; fileEncoding = 4; lastKnownFileType = sourcecode.swift; path = HeaderTableViewCell.swift; sourceTree = "<group>"; };
		A9FFB6A81F3B8E07001CB3D8 /* ItemTableViewCell.swift */ = {isa = PBXFileReference; fileEncoding = 4; lastKnownFileType = sourcecode.swift; path = ItemTableViewCell.swift; sourceTree = "<group>"; };
		A9FFB6AA1F3BA316001CB3D8 /* FooterTableViewCell.swift */ = {isa = PBXFileReference; fileEncoding = 4; lastKnownFileType = sourcecode.swift; path = FooterTableViewCell.swift; sourceTree = "<group>"; };
		A9FFB6AC1F3BA3A9001CB3D8 /* TitleTableViewCell.swift */ = {isa = PBXFileReference; fileEncoding = 4; lastKnownFileType = sourcecode.swift; path = TitleTableViewCell.swift; sourceTree = "<group>"; };
/* End PBXFileReference section */

/* Begin PBXFrameworksBuildPhase section */
		A9FFB68E1F3B84A1001CB3D8 /* Frameworks */ = {
			isa = PBXFrameworksBuildPhase;
			buildActionMask = 2147483647;
			files = (
			);
			runOnlyForDeploymentPostprocessing = 0;
		};
/* End PBXFrameworksBuildPhase section */

/* Begin PBXGroup section */
		A9FFB6881F3B84A0001CB3D8 = {
			isa = PBXGroup;
			children = (
				A9FFB6931F3B84A1001CB3D8 /* DemoExpandTableView */,
				A9FFB6921F3B84A1001CB3D8 /* Products */,
			);
			sourceTree = "<group>";
		};
		A9FFB6921F3B84A1001CB3D8 /* Products */ = {
			isa = PBXGroup;
			children = (
				A9FFB6911F3B84A1001CB3D8 /* DemoExpandTableView.app */,
			);
			name = Products;
			sourceTree = "<group>";
		};
		A9FFB6931F3B84A1001CB3D8 /* DemoExpandTableView */ = {
			isa = PBXGroup;
			children = (
				A9FFB6941F3B84A1001CB3D8 /* AppDelegate.swift */,
				A9FFB6961F3B84A1001CB3D8 /* ViewController.swift */,
				A9FFB6A61F3B8DFB001CB3D8 /* HeaderTableViewCell.swift */,
				A9FFB6A81F3B8E07001CB3D8 /* ItemTableViewCell.swift */,
				A9FFB6AA1F3BA316001CB3D8 /* FooterTableViewCell.swift */,
				A9FFB6AC1F3BA3A9001CB3D8 /* TitleTableViewCell.swift */,
				A9FFB6981F3B84A1001CB3D8 /* Main.storyboard */,
				A9FFB69B1F3B84A1001CB3D8 /* Assets.xcassets */,
				A9FFB69D1F3B84A1001CB3D8 /* LaunchScreen.storyboard */,
				A9FFB6A01F3B84A1001CB3D8 /* Info.plist */,
			);
			path = DemoExpandTableView;
			sourceTree = "<group>";
		};
/* End PBXGroup section */

/* Begin PBXNativeTarget section */
		A9FFB6901F3B84A1001CB3D8 /* DemoExpandTableView */ = {
			isa = PBXNativeTarget;
			buildConfigurationList = A9FFB6A31F3B84A1001CB3D8 /* Build configuration list for PBXNativeTarget "DemoExpandTableView" */;
			buildPhases = (
				A9FFB68D1F3B84A1001CB3D8 /* Sources */,
				A9FFB68E1F3B84A1001CB3D8 /* Frameworks */,
				A9FFB68F1F3B84A1001CB3D8 /* Resources */,
			);
			buildRules = (
			);
			dependencies = (
			);
			name = DemoExpandTableView;
			productName = DemoExpandTableView;
			productReference = A9FFB6911F3B84A1001CB3D8 /* DemoExpandTableView.app */;
			productType = "com.apple.product-type.application";
		};
/* End PBXNativeTarget section */

/* Begin PBXProject section */
		A9FFB6891F3B84A0001CB3D8 /* Project object */ = {
			isa = PBXProject;
			attributes = {
				LastSwiftUpdateCheck = 0830;
				LastUpgradeCheck = 0830;
				ORGANIZATIONNAME = Dev7;
				TargetAttributes = {
					A9FFB6901F3B84A1001CB3D8 = {
						CreatedOnToolsVersion = 8.3.3;
						ProvisioningStyle = Automatic;
					};
				};
			};
			buildConfigurationList = A9FFB68C1F3B84A0001CB3D8 /* Build configuration list for PBXProject "DemoExpandTableView" */;
			compatibilityVersion = "Xcode 3.2";
			developmentRegion = English;
			hasScannedForEncodings = 0;
			knownRegions = (
				en,
				Base,
			);
			mainGroup = A9FFB6881F3B84A0001CB3D8;
			productRefGroup = A9FFB6921F3B84A1001CB3D8 /* Products */;
			projectDirPath = "";
			projectRoot = "";
			targets = (
				A9FFB6901F3B84A1001CB3D8 /* DemoExpandTableView */,
			);
		};
/* End PBXProject section */

/* Begin PBXResourcesBuildPhase section */
		A9FFB68F1F3B84A1001CB3D8 /* Resources */ = {
			isa = PBXResourcesBuildPhase;
			buildActionMask = 2147483647;
			files = (
				A9FFB69F1F3B84A1001CB3D8 /* LaunchScreen.storyboard in Resources */,
				A9FFB69C1F3B84A1001CB3D8 /* Assets.xcassets in Resources */,
				A9FFB69A1F3B84A1001CB3D8 /* Main.storyboard in Resources */,
			);
			runOnlyForDeploymentPostprocessing = 0;
		};
/* End PBXResourcesBuildPhase section */

/* Begin PBXSourcesBuildPhase section */
		A9FFB68D1F3B84A1001CB3D8 /* Sources */ = {
			isa = PBXSourcesBuildPhase;
			buildActionMask = 2147483647;
			files = (
				A9FFB6A91F3B8E07001CB3D8 /* ItemTableViewCell.swift in Sources */,
				A9FFB6971F3B84A1001CB3D8 /* ViewController.swift in Sources */,
				A9FFB6AB1F3BA316001CB3D8 /* FooterTableViewCell.swift in Sources */,
				A9FFB6A71F3B8DFB001CB3D8 /* HeaderTableViewCell.swift in Sources */,
				A9FFB6AD1F3BA3A9001CB3D8 /* TitleTableViewCell.swift in Sources */,
				A9FFB6951F3B84A1001CB3D8 /* AppDelegate.swift in Sources */,
			);
			runOnlyForDeploymentPostprocessing = 0;
		};
/* End PBXSourcesBuildPhase section */

/* Begin PBXVariantGroup section */
		A9FFB6981F3B84A1001CB3D8 /* Main.storyboard */ = {
			isa = PBXVariantGroup;
			children = (
				A9FFB6991F3B84A1001CB3D8 /* Base */,
			);
			name = Main.storyboard;
			sourceTree = "<group>";
		};
		A9FFB69D1F3B84A1001CB3D8 /* LaunchScreen.storyboard */ = {
			isa = PBXVariantGroup;
			children = (
				A9FFB69E1F3B84A1001CB3D8 /* Base */,
			);
			name = LaunchScreen.storyboard;
			sourceTree = "<group>";
		};
/* End PBXVariantGroup section */

/* Begin XCBuildConfiguration section */
		A9FFB6A11F3B84A1001CB3D8 /* Debug */ = {
			isa = XCBuildConfiguration;
			buildSettings = {
				ALWAYS_SEARCH_USER_PATHS = NO;
				CLANG_ANALYZER_NONNULL = YES;
				CLANG_ANALYZER_NUMBER_OBJECT_CONVERSION = YES_AGGRESSIVE;
				CLANG_CXX_LANGUAGE_STANDARD = "gnu++0x";
				CLANG_CXX_LIBRARY = "libc++";
				CLANG_ENABLE_MODULES = YES;
				CLANG_ENABLE_OBJC_ARC = YES;
				CLANG_WARN_BOOL_CONVERSION = YES;
				CLANG_WARN_CONSTANT_CONVERSION = YES;
				CLANG_WARN_DIRECT_OBJC_ISA_USAGE = YES_ERROR;
				CLANG_WARN_DOCUMENTATION_COMMENTS = YES;
				CLANG_WARN_EMPTY_BODY = YES;
				CLANG_WARN_ENUM_CONVERSION = YES;
				CLANG_WARN_INFINITE_RECURSION = YES;
				CLANG_WARN_INT_CONVERSION = YES;
				CLANG_WARN_OBJC_ROOT_CLASS = YES_ERROR;
				CLANG_WARN_SUSPICIOUS_MOVE = YES;
				CLANG_WARN_UNREACHABLE_CODE = YES;
				CLANG_WARN__DUPLICATE_METHOD_MATCH = YES;
				"CODE_SIGN_IDENTITY[sdk=iphoneos*]" = "iPhone Developer";
				COPY_PHASE_STRIP = NO;
				DEBUG_INFORMATION_FORMAT = dwarf;
				ENABLE_STRICT_OBJC_MSGSEND = YES;
				ENABLE_TESTABILITY = YES;
				GCC_C_LANGUAGE_STANDARD = gnu99;
				GCC_DYNAMIC_NO_PIC = NO;
				GCC_NO_COMMON_BLOCKS = YES;
				GCC_OPTIMIZATION_LEVEL = 0;
				GCC_PREPROCESSOR_DEFINITIONS = (
					"DEBUG=1",
					"$(inherited)",
				);
				GCC_WARN_64_TO_32_BIT_CONVERSION = YES;
				GCC_WARN_ABOUT_RETURN_TYPE = YES_ERROR;
				GCC_WARN_UNDECLARED_SELECTOR = YES;
				GCC_WARN_UNINITIALIZED_AUTOS = YES_AGGRESSIVE;
				GCC_WARN_UNUSED_FUNCTION = YES;
				GCC_WARN_UNUSED_VARIABLE = YES;
				IPHONEOS_DEPLOYMENT_TARGET = 10.3;
				MTL_ENABLE_DEBUG_INFO = YES;
				ONLY_ACTIVE_ARCH = YES;
				SDKROOT = iphoneos;
				SWIFT_ACTIVE_COMPILATION_CONDITIONS = DEBUG;
				SWIFT_OPTIMIZATION_LEVEL = "-Onone";
				TARGETED_DEVICE_FAMILY = "1,2";
			};
			name = Debug;
		};
		A9FFB6A21F3B84A1001CB3D8 /* Release */ = {
			isa = XCBuildConfiguration;
			buildSettings = {
				ALWAYS_SEARCH_USER_PATHS = NO;
				CLANG_ANALYZER_NONNULL = YES;
				CLANG_ANALYZER_NUMBER_OBJECT_CONVERSION = YES_AGGRESSIVE;
				CLANG_CXX_LANGUAGE_STANDARD = "gnu++0x";
				CLANG_CXX_LIBRARY = "libc++";
				CLANG_ENABLE_MODULES = YES;
				CLANG_ENABLE_OBJC_ARC = YES;
				CLANG_WARN_BOOL_CONVERSION = YES;
				CLANG_WARN_CONSTANT_CONVERSION = YES;
				CLANG_WARN_DIRECT_OBJC_ISA_USAGE = YES_ERROR;
				CLANG_WARN_DOCUMENTATION_COMMENTS = YES;
				CLANG_WARN_EMPTY_BODY = YES;
				CLANG_WARN_ENUM_CONVERSION = YES;
				CLANG_WARN_INFINITE_RECURSION = YES;
				CLANG_WARN_INT_CONVERSION = YES;
				CLANG_WARN_OBJC_ROOT_CLASS = YES_ERROR;
				CLANG_WARN_SUSPICIOUS_MOVE = YES;
				CLANG_WARN_UNREACHABLE_CODE = YES;
				CLANG_WARN__DUPLICATE_METHOD_MATCH = YES;
				"CODE_SIGN_IDENTITY[sdk=iphoneos*]" = "iPhone Developer";
				COPY_PHASE_STRIP = NO;
				DEBUG_INFORMATION_FORMAT = "dwarf-with-dsym";
				ENABLE_NS_ASSERTIONS = NO;
				ENABLE_STRICT_OBJC_MSGSEND = YES;
				GCC_C_LANGUAGE_STANDARD = gnu99;
				GCC_NO_COMMON_BLOCKS = YES;
				GCC_WARN_64_TO_32_BIT_CONVERSION = YES;
				GCC_WARN_ABOUT_RETURN_TYPE = YES_ERROR;
				GCC_WARN_UNDECLARED_SELECTOR = YES;
				GCC_WARN_UNINITIALIZED_AUTOS = YES_AGGRESSIVE;
				GCC_WARN_UNUSED_FUNCTION = YES;
				GCC_WARN_UNUSED_VARIABLE = YES;
				IPHONEOS_DEPLOYMENT_TARGET = 10.3;
				MTL_ENABLE_DEBUG_INFO = NO;
				SDKROOT = iphoneos;
				SWIFT_OPTIMIZATION_LEVEL = "-Owholemodule";
				TARGETED_DEVICE_FAMILY = "1,2";
				VALIDATE_PRODUCT = YES;
			};
			name = Release;
		};
		A9FFB6A41F3B84A1001CB3D8 /* Debug */ = {
			isa = XCBuildConfiguration;
			buildSettings = {
				ASSETCATALOG_COMPILER_APPICON_NAME = AppIcon;
				INFOPLIST_FILE = DemoExpandTableView/Info.plist;
				LD_RUNPATH_SEARCH_PATHS = "$(inherited) @executable_path/Frameworks";
				PRODUCT_BUNDLE_IDENTIFIER = Dev7.DemoExpandTableView;
				PRODUCT_NAME = "$(TARGET_NAME)";
				SWIFT_VERSION = 3.0;
			};
			name = Debug;
		};
		A9FFB6A51F3B84A1001CB3D8 /* Release */ = {
			isa = XCBuildConfiguration;
			buildSettings = {
				ASSETCATALOG_COMPILER_APPICON_NAME = AppIcon;
				INFOPLIST_FILE = DemoExpandTableView/Info.plist;
				LD_RUNPATH_SEARCH_PATHS = "$(inherited) @executable_path/Frameworks";
				PRODUCT_BUNDLE_IDENTIFIER = Dev7.DemoExpandTableView;
				PRODUCT_NAME = "$(TARGET_NAME)";
				SWIFT_VERSION = 3.0;
			};
			name = Release;
		};
/* End XCBuildConfiguration section */

/* Begin XCConfigurationList section */
		A9FFB68C1F3B84A0001CB3D8 /* Build configuration list for PBXProject "DemoExpandTableView" */ = {
			isa = XCConfigurationList;
			buildConfigurations = (
				A9FFB6A11F3B84A1001CB3D8 /* Debug */,
				A9FFB6A21F3B84A1001CB3D8 /* Release */,
			);
			defaultConfigurationIsVisible = 0;
			defaultConfigurationName = Release;
		};
		A9FFB6A31F3B84A1001CB3D8 /* Build configuration list for PBXNativeTarget "DemoExpandTableView" */ = {
			isa = XCConfigurationList;
			buildConfigurations = (
				A9FFB6A41F3B84A1001CB3D8 /* Debug */,
				A9FFB6A51F3B84A1001CB3D8 /* Release */,
			);
			defaultConfigurationIsVisible = 0;
		};
/* End XCConfigurationList section */
	};
	rootObject = A9FFB6891F3B84A0001CB3D8 /* Project object */;
}
